// !$*UTF8*$!
{
	archiveVersion = 1;
	classes = {
	};
	objectVersion = 46;
	objects = {

/* Begin PBXBuildFile section */
		CF705F951EEE6EA6005A001C /* main.cpp in Sources */ = {isa = PBXBuildFile; fileRef = CF705F941EEE6EA6005A001C /* main.cpp */; };
		CF705FA61EEE6F16005A001C /* OpenGL.framework in Frameworks */ = {isa = PBXBuildFile; fileRef = CF705FA51EEE6F16005A001C /* OpenGL.framework */; };
		CF705FA81EEE6F68005A001C /* libGLEW.2.0.0.dylib in Frameworks */ = {isa = PBXBuildFile; fileRef = CF705FA71EEE6F68005A001C /* libGLEW.2.0.0.dylib */; };
		CF705FAA1EEE6F7D005A001C /* libglfw.3.2.dylib in Frameworks */ = {isa = PBXBuildFile; fileRef = CF705FA91EEE6F7D005A001C /* libglfw.3.2.dylib */; };
		CF705FAE1EEE7233005A001C /* libglfw.3.2.dylib in Resources */ = {isa = PBXBuildFile; fileRef = CF705FA91EEE6F7D005A001C /* libglfw.3.2.dylib */; };
		CF705FAF1EEE7233005A001C /* libGLEW.2.0.0.dylib in Resources */ = {isa = PBXBuildFile; fileRef = CF705FA71EEE6F68005A001C /* libGLEW.2.0.0.dylib */; };
		CF705FB41EEE88E4005A001C /* OpenGL01-显示基本窗口 in Resources */ = {isa = PBXBuildFile; fileRef = CF705FB31EEE88E4005A001C /* OpenGL01-显示基本窗口 */; };
		CF705FB61EF3D63E005A001C /* OpenGL04-uniform基础 in Resources */ = {isa = PBXBuildFile; fileRef = CF705FB51EF3D63E005A001C /* OpenGL04-uniform基础 */; };
		CF705FB81EF3DC98005A001C /* OpenGL04-uniform多个属性 in Resources */ = {isa = PBXBuildFile; fileRef = CF705FB71EF3DC98005A001C /* OpenGL04-uniform多个属性 */; };
		F562051E1EF2F5E400888AAD /* OpenGL02-顶点数组对象 in Resources */ = {isa = PBXBuildFile; fileRef = F562051D1EF2F5E400888AAD /* OpenGL02-顶点数组对象 */; };
		F56205221EF2FA7500888AAD /* OpenGL03-索引缓冲对象 in Resources */ = {isa = PBXBuildFile; fileRef = F56205211EF2FA7500888AAD /* OpenGL03-索引缓冲对象 */; };
/* End PBXBuildFile section */

/* Begin PBXFileReference section */
		CF705F8D1EEE6EA6005A001C /* GLOC.app */ = {isa = PBXFileReference; explicitFileType = wrapper.application; includeInIndex = 0; path = GLOC.app; sourceTree = BUILT_PRODUCTS_DIR; };
		CF705F941EEE6EA6005A001C /* main.cpp */ = {isa = PBXFileReference; lastKnownFileType = sourcecode.cpp.cpp; path = main.cpp; sourceTree = "<group>"; };
		CF705F9E1EEE6EA6005A001C /* Info.plist */ = {isa = PBXFileReference; lastKnownFileType = text.plist.xml; path = Info.plist; sourceTree = "<group>"; };
		CF705FA51EEE6F16005A001C /* OpenGL.framework */ = {isa = PBXFileReference; lastKnownFileType = wrapper.framework; name = OpenGL.framework; path = System/Library/Frameworks/OpenGL.framework; sourceTree = SDKROOT; };
		CF705FA71EEE6F68005A001C /* libGLEW.2.0.0.dylib */ = {isa = PBXFileReference; lastKnownFileType = "compiled.mach-o.dylib"; name = libGLEW.2.0.0.dylib; path = ../../../../usr/local/Cellar/glew/2.0.0/lib/libGLEW.2.0.0.dylib; sourceTree = "<group>"; };
		CF705FA91EEE6F7D005A001C /* libglfw.3.2.dylib */ = {isa = PBXFileReference; lastKnownFileType = "compiled.mach-o.dylib"; name = libglfw.3.2.dylib; path = ../../../../usr/local/Cellar/glfw/3.2.1/lib/libglfw.3.2.dylib; sourceTree = "<group>"; };
		CF705FB31EEE88E4005A001C /* OpenGL01-显示基本窗口 */ = {isa = PBXFileReference; fileEncoding = 4; lastKnownFileType = text; path = "OpenGL01-显示基本窗口"; sourceTree = "<group>"; };
		CF705FB51EF3D63E005A001C /* OpenGL04-uniform基础 */ = {isa = PBXFileReference; fileEncoding = 4; lastKnownFileType = text; path = "OpenGL04-uniform基础"; sourceTree = "<group>"; };
		CF705FB71EF3DC98005A001C /* OpenGL04-uniform多个属性 */ = {isa = PBXFileReference; fileEncoding = 4; lastKnownFileType = text; path = "OpenGL04-uniform多个属性"; sourceTree = "<group>"; };
		F562051D1EF2F5E400888AAD /* OpenGL02-顶点数组对象 */ = {isa = PBXFileReference; fileEncoding = 4; lastKnownFileType = text; path = "OpenGL02-顶点数组对象"; sourceTree = "<group>"; };
		F56205211EF2FA7500888AAD /* OpenGL03-索引缓冲对象 */ = {isa = PBXFileReference; fileEncoding = 4; lastKnownFileType = text; path = "OpenGL03-索引缓冲对象"; sourceTree = "<group>"; };
/* End PBXFileReference section */

/* Begin PBXFrameworksBuildPhase section */
		CF705F8A1EEE6EA6005A001C /* Frameworks */ = {
			isa = PBXFrameworksBuildPhase;
			buildActionMask = 2147483647;
			files = (
				CF705FAA1EEE6F7D005A001C /* libglfw.3.2.dylib in Frameworks */,
				CF705FA81EEE6F68005A001C /* libGLEW.2.0.0.dylib in Frameworks */,
				CF705FA61EEE6F16005A001C /* OpenGL.framework in Frameworks */,
			);
			runOnlyForDeploymentPostprocessing = 0;
		};
/* End PBXFrameworksBuildPhase section */

/* Begin PBXGroup section */
		CF705F841EEE6EA6005A001C = {
			isa = PBXGroup;
			children = (
				CF705F8F1EEE6EA6005A001C /* GLOC */,
				CF705F8E1EEE6EA6005A001C /* Products */,
				CF705FA41EEE6F16005A001C /* Frameworks */,
			);
			sourceTree = "<group>";
		};
		CF705F8E1EEE6EA6005A001C /* Products */ = {
			isa = PBXGroup;
			children = (
				CF705F8D1EEE6EA6005A001C /* GLOC.app */,
			);
			name = Products;
			sourceTree = "<group>";
		};
		CF705F8F1EEE6EA6005A001C /* GLOC */ = {
			isa = PBXGroup;
			children = (
				CF705FB21EEE88E4005A001C /* Code */,
				CF705F9E1EEE6EA6005A001C /* Info.plist */,
				CF705F931EEE6EA6005A001C /* Supporting Files */,
			);
			path = GLOC;
			sourceTree = "<group>";
		};
		CF705F931EEE6EA6005A001C /* Supporting Files */ = {
			isa = PBXGroup;
			children = (
				CF705F941EEE6EA6005A001C /* main.cpp */,
			);
			name = "Supporting Files";
			sourceTree = "<group>";
		};
		CF705FA41EEE6F16005A001C /* Frameworks */ = {
			isa = PBXGroup;
			children = (
				CF705FA91EEE6F7D005A001C /* libglfw.3.2.dylib */,
				CF705FA71EEE6F68005A001C /* libGLEW.2.0.0.dylib */,
				CF705FA51EEE6F16005A001C /* OpenGL.framework */,
			);
			name = Frameworks;
			sourceTree = "<group>";
		};
		CF705FB21EEE88E4005A001C /* Code */ = {
			isa = PBXGroup;
			children = (
				CF705FB31EEE88E4005A001C /* OpenGL01-显示基本窗口 */,
				F562051D1EF2F5E400888AAD /* OpenGL02-顶点数组对象 */,
				F56205211EF2FA7500888AAD /* OpenGL03-索引缓冲对象 */,
				CF705FB51EF3D63E005A001C /* OpenGL04-uniform基础 */,
				CF705FB71EF3DC98005A001C /* OpenGL04-uniform多个属性 */,
			);
			path = Code;
			sourceTree = SOURCE_ROOT;
		};
/* End PBXGroup section */

/* Begin PBXNativeTarget section */
		CF705F8C1EEE6EA6005A001C /* GLOC */ = {
			isa = PBXNativeTarget;
			buildConfigurationList = CF705FA11EEE6EA6005A001C /* Build configuration list for PBXNativeTarget "GLOC" */;
			buildPhases = (
				CF705F891EEE6EA6005A001C /* Sources */,
				CF705F8A1EEE6EA6005A001C /* Frameworks */,
				CF705F8B1EEE6EA6005A001C /* Resources */,
			);
			buildRules = (
			);
			dependencies = (
			);
			name = GLOC;
			productName = GLOC;
			productReference = CF705F8D1EEE6EA6005A001C /* GLOC.app */;
			productType = "com.apple.product-type.application";
		};
/* End PBXNativeTarget section */

/* Begin PBXProject section */
		CF705F851EEE6EA6005A001C /* Project object */ = {
			isa = PBXProject;
			attributes = {
				LastUpgradeCheck = 0830;
				ORGANIZATIONNAME = JoySeeDog;
				TargetAttributes = {
					CF705F8C1EEE6EA6005A001C = {
						CreatedOnToolsVersion = 8.3;
						DevelopmentTeam = GD9P546353;
						ProvisioningStyle = Automatic;
					};
				};
			};
			buildConfigurationList = CF705F881EEE6EA6005A001C /* Build configuration list for PBXProject "GLOC" */;
			compatibilityVersion = "Xcode 3.2";
			developmentRegion = English;
			hasScannedForEncodings = 0;
			knownRegions = (
				en,
				Base,
			);
			mainGroup = CF705F841EEE6EA6005A001C;
			productRefGroup = CF705F8E1EEE6EA6005A001C /* Products */;
			projectDirPath = "";
			projectRoot = "";
			targets = (
				CF705F8C1EEE6EA6005A001C /* GLOC */,
			);
		};
/* End PBXProject section */

/* Begin PBXResourcesBuildPhase section */
		CF705F8B1EEE6EA6005A001C /* Resources */ = {
			isa = PBXResourcesBuildPhase;
			buildActionMask = 2147483647;
			files = (
				CF705FAE1EEE7233005A001C /* libglfw.3.2.dylib in Resources */,
				F562051E1EF2F5E400888AAD /* OpenGL02-顶点数组对象 in Resources */,
				CF705FB61EF3D63E005A001C /* OpenGL04-uniform基础 in Resources */,
				CF705FAF1EEE7233005A001C /* libGLEW.2.0.0.dylib in Resources */,
				CF705FB81EF3DC98005A001C /* OpenGL04-uniform多个属性 in Resources */,
				F56205221EF2FA7500888AAD /* OpenGL03-索引缓冲对象 in Resources */,
				CF705FB41EEE88E4005A001C /* OpenGL01-显示基本窗口 in Resources */,
			);
			runOnlyForDeploymentPostprocessing = 0;
		};
/* End PBXResourcesBuildPhase section */

/* Begin PBXSourcesBuildPhase section */
		CF705F891EEE6EA6005A001C /* Sources */ = {
			isa = PBXSourcesBuildPhase;
			buildActionMask = 2147483647;
			files = (
				CF705F951EEE6EA6005A001C /* main.cpp in Sources */,
			);
			runOnlyForDeploymentPostprocessing = 0;
		};
/* End PBXSourcesBuildPhase section */

/* Begin XCBuildConfiguration section */
		CF705F9F1EEE6EA6005A001C /* Debug */ = {
			isa = XCBuildConfiguration;
			buildSettings = {
				ALWAYS_SEARCH_USER_PATHS = NO;
				CLANG_ANALYZER_NONNULL = YES;
				CLANG_ANALYZER_NUMBER_OBJECT_CONVERSION = YES_AGGRESSIVE;
				CLANG_CXX_LANGUAGE_STANDARD = "gnu++0x";
				CLANG_CXX_LIBRARY = "libc++";
				CLANG_ENABLE_MODULES = YES;
				CLANG_ENABLE_OBJC_ARC = YES;
				CLANG_WARN_BOOL_CONVERSION = YES;
				CLANG_WARN_CONSTANT_CONVERSION = YES;
				CLANG_WARN_DIRECT_OBJC_ISA_USAGE = YES_ERROR;
				CLANG_WARN_DOCUMENTATION_COMMENTS = YES;
				CLANG_WARN_EMPTY_BODY = YES;
				CLANG_WARN_ENUM_CONVERSION = YES;
				CLANG_WARN_INFINITE_RECURSION = YES;
				CLANG_WARN_INT_CONVERSION = YES;
				CLANG_WARN_OBJC_ROOT_CLASS = YES_ERROR;
				CLANG_WARN_SUSPICIOUS_MOVE = YES;
				CLANG_WARN_UNREACHABLE_CODE = YES;
				CLANG_WARN__DUPLICATE_METHOD_MATCH = YES;
				CODE_SIGN_IDENTITY = "-";
				COPY_PHASE_STRIP = NO;
				DEBUG_INFORMATION_FORMAT = dwarf;
				ENABLE_STRICT_OBJC_MSGSEND = YES;
				ENABLE_TESTABILITY = YES;
				GCC_C_LANGUAGE_STANDARD = gnu99;
				GCC_DYNAMIC_NO_PIC = NO;
				GCC_NO_COMMON_BLOCKS = YES;
				GCC_OPTIMIZATION_LEVEL = 0;
				GCC_PREPROCESSOR_DEFINITIONS = (
					"DEBUG=1",
					"$(inherited)",
				);
				GCC_WARN_64_TO_32_BIT_CONVERSION = YES;
				GCC_WARN_ABOUT_RETURN_TYPE = YES_ERROR;
				GCC_WARN_UNDECLARED_SELECTOR = YES;
				GCC_WARN_UNINITIALIZED_AUTOS = YES_AGGRESSIVE;
				GCC_WARN_UNUSED_FUNCTION = YES;
				GCC_WARN_UNUSED_VARIABLE = YES;
				MACOSX_DEPLOYMENT_TARGET = 10.12;
				MTL_ENABLE_DEBUG_INFO = YES;
				ONLY_ACTIVE_ARCH = YES;
				SDKROOT = macosx;
			};
			name = Debug;
		};
		CF705FA01EEE6EA6005A001C /* Release */ = {
			isa = XCBuildConfiguration;
			buildSettings = {
				ALWAYS_SEARCH_USER_PATHS = NO;
				CLANG_ANALYZER_NONNULL = YES;
				CLANG_ANALYZER_NUMBER_OBJECT_CONVERSION = YES_AGGRESSIVE;
				CLANG_CXX_LANGUAGE_STANDARD = "gnu++0x";
				CLANG_CXX_LIBRARY = "libc++";
				CLANG_ENABLE_MODULES = YES;
				CLANG_ENABLE_OBJC_ARC = YES;
				CLANG_WARN_BOOL_CONVERSION = YES;
				CLANG_WARN_CONSTANT_CONVERSION = YES;
				CLANG_WARN_DIRECT_OBJC_ISA_USAGE = YES_ERROR;
				CLANG_WARN_DOCUMENTATION_COMMENTS = YES;
				CLANG_WARN_EMPTY_BODY = YES;
				CLANG_WARN_ENUM_CONVERSION = YES;
				CLANG_WARN_INFINITE_RECURSION = YES;
				CLANG_WARN_INT_CONVERSION = YES;
				CLANG_WARN_OBJC_ROOT_CLASS = YES_ERROR;
				CLANG_WARN_SUSPICIOUS_MOVE = YES;
				CLANG_WARN_UNREACHABLE_CODE = YES;
				CLANG_WARN__DUPLICATE_METHOD_MATCH = YES;
				CODE_SIGN_IDENTITY = "-";
				COPY_PHASE_STRIP = NO;
				DEBUG_INFORMATION_FORMAT = "dwarf-with-dsym";
				ENABLE_NS_ASSERTIONS = NO;
				ENABLE_STRICT_OBJC_MSGSEND = YES;
				GCC_C_LANGUAGE_STANDARD = gnu99;
				GCC_NO_COMMON_BLOCKS = YES;
				GCC_WARN_64_TO_32_BIT_CONVERSION = YES;
				GCC_WARN_ABOUT_RETURN_TYPE = YES_ERROR;
				GCC_WARN_UNDECLARED_SELECTOR = YES;
				GCC_WARN_UNINITIALIZED_AUTOS = YES_AGGRESSIVE;
				GCC_WARN_UNUSED_FUNCTION = YES;
				GCC_WARN_UNUSED_VARIABLE = YES;
				MACOSX_DEPLOYMENT_TARGET = 10.12;
				MTL_ENABLE_DEBUG_INFO = NO;
				SDKROOT = macosx;
			};
			name = Release;
		};
		CF705FA21EEE6EA6005A001C /* Debug */ = {
			isa = XCBuildConfiguration;
			buildSettings = {
				ASSETCATALOG_COMPILER_APPICON_NAME = AppIcon;
				COMBINE_HIDPI_IMAGES = YES;
				DEVELOPMENT_TEAM = GD9P546353;
				HEADER_SEARCH_PATHS = /usr/local/include;
				INFOPLIST_FILE = GLOC/Info.plist;
				LD_RUNPATH_SEARCH_PATHS = "$(inherited) @executable_path/../Frameworks";
				LIBRARY_SEARCH_PATHS = (
					"$(inherited)",
					/usr/local/Cellar/glew/2.0.0/lib,
					/usr/local/Cellar/glfw/3.2.1/lib,
				);
				PRODUCT_BUNDLE_IDENTIFIER = JoySeeDog.GLOC;
				PRODUCT_NAME = "$(TARGET_NAME)";
			};
			name = Debug;
		};
		CF705FA31EEE6EA6005A001C /* Release */ = {
			isa = XCBuildConfiguration;
			buildSettings = {
				ASSETCATALOG_COMPILER_APPICON_NAME = AppIcon;
				COMBINE_HIDPI_IMAGES = YES;
				DEVELOPMENT_TEAM = GD9P546353;
				HEADER_SEARCH_PATHS = /usr/local/include;
				INFOPLIST_FILE = GLOC/Info.plist;
				LD_RUNPATH_SEARCH_PATHS = "$(inherited) @executable_path/../Frameworks";
				LIBRARY_SEARCH_PATHS = (
					"$(inherited)",
					/usr/local/Cellar/glew/2.0.0/lib,
					/usr/local/Cellar/glfw/3.2.1/lib,
				);
				PRODUCT_BUNDLE_IDENTIFIER = JoySeeDog.GLOC;
				PRODUCT_NAME = "$(TARGET_NAME)";
			};
			name = Release;
		};
/* End XCBuildConfiguration section */

/* Begin XCConfigurationList section */
		CF705F881EEE6EA6005A001C /* Build configuration list for PBXProject "GLOC" */ = {
			isa = XCConfigurationList;
			buildConfigurations = (
				CF705F9F1EEE6EA6005A001C /* Debug */,
				CF705FA01EEE6EA6005A001C /* Release */,
			);
			defaultConfigurationIsVisible = 0;
			defaultConfigurationName = Release;
		};
		CF705FA11EEE6EA6005A001C /* Build configuration list for PBXNativeTarget "GLOC" */ = {
			isa = XCConfigurationList;
			buildConfigurations = (
				CF705FA21EEE6EA6005A001C /* Debug */,
				CF705FA31EEE6EA6005A001C /* Release */,
			);
			defaultConfigurationIsVisible = 0;
			defaultConfigurationName = Release;
		};
/* End XCConfigurationList section */
	};
	rootObject = CF705F851EEE6EA6005A001C /* Project object */;
}
